github.com/gorilla/websocket v1.5.0 h1:PPwGk2jz7EePpoHN/+ClbZu8SPxiqlu12wZP/3sWmnc=
github.com/gorilla/websocket v1.5.0/go.mod h1:YR8l580nyteQvAITg2hZ9XVh4b55+EU/adAjf1fMHhE=
github.com/hashicorp/logutils v1.0.0 h1:dLEQVugN8vlakKOUE3ihGLTZJRB4j+M2cdTm/ORI65Y=
github.com/hashicorp/logutils v1.0.0/go.mod h1:QIAnNjmIWmVIIkWDTG1z5v++HQmx9WQRO+LraFDTW64=
github.com/liuliqiang/log4go v0.0.0-20230306232841-82a1720e9244 h1:L4hdEP1yZ0ZBd30z7A88Az+pLroDb/z4l9knoxYTzLc=
github.com/liuliqiang/log4go v0.0.0-20230306232841-82a1720e9244/go.mod h1:kk9SpG/WznQpC/YiJGl2JhY3cWCOncvAP5RXRJ+RBkc=
